<?xml version="1.0" encoding="utf-8"?>
<Project ToolsVersion="4.0" xmlns="http://schemas.microsoft.com/developer/msbuild/2003">
  <ItemGroup>
    <Filter Include="Source Files">
      <UniqueIdentifier>{4FC737F1-C7A5-4376-A066-2A32D752A2FF}</UniqueIdentifier>
      <Extensions>cpp;c;cc;cxx;def;odl;idl;hpj;bat;asm;asmx</Extensions>
    </Filter>
    <Filter Include="Header Files">
      <UniqueIdentifier>{93995380-89BD-4b04-88EB-625FBE52EBFB}</UniqueIdentifier>
      <Extensions>h;hh;hpp;hxx;hm;inl;inc;xsd</Extensions>
    </Filter>
    <Filter Include="Resource Files">
      <UniqueIdentifier>{67DA6AB6-F800-4c08-8B7A-83BB121AAD01}</UniqueIdentifier>
      <Extensions>rc;ico;cur;bmp;dlg;rc2;rct;bin;rgs;gif;jpg;jpeg;jpe;resx;tiff;tif;png;wav</Extensions>
    </Filter>
  </ItemGroup>
  <ItemGroup>
    <ClCompile Include="external\imgui.cpp">
      <Filter>Source Files</Filter>
    </ClCompile>
    <ClCompile Include="external\imgui_demo.cpp">
      <Filter>Source Files</Filter>
    </ClCompile>
    <ClCompile Include="external\imgui_draw.cpp">
      <Filter>Source Files</Filter>
    </ClCompile>
    <ClCompile Include="external\imgui_impl_opengl3.cpp">
      <Filter>Source Files</Filter>
    </ClCompile>
    <ClCompile Include="external\imgui_tables.cpp">
      <Filter>Source Files</Filter>
    </ClCompile>
    <ClCompile Include="external\imgui_widgets.cpp">
      <Filter>Source Files</Filter>
    </ClCompile>
    <ClCompile Include="src\Engine.cpp">
      <Filter>Source Files</Filter>
    </ClCompile>
    <ClCompile Include="src\main.cpp">
      <Filter>Source Files</Filter>
    </ClCompile>
    <ClCompile Include="src\ObjParser.cpp">
      <Filter>Source Files</Filter>
    </ClCompile>
    <ClCompile Include="src\OpenGLGraphics.cpp">
      <Filter>Source Files</Filter>
    </ClCompile>
    <ClCompile Include="src\Win32Platform.cpp">
      <Filter>Source Files</Filter>
    </ClCompile>
    <ClCompile Include="test\src\test.cpp">
      <Filter>Source Files</Filter>
    </ClCompile>
  </ItemGroup>
  <ItemGroup>
    <ClInclude Include="external\include\glcorearb.h">
      <Filter>Header Files</Filter>
    </ClInclude>
    <ClInclude Include="external\include\imconfig.h">
      <Filter>Header Files</Filter>
    </ClInclude>
    <ClInclude Include="external\include\imgui.h">
      <Filter>Header Files</Filter>
    </ClInclude>
    <ClInclude Include="external\include\imgui_impl_opengl3.h">
      <Filter>Header Files</Filter>
    </ClInclude>
    <ClInclude Include="external\include\imgui_internal.h">
      <Filter>Header Files</Filter>
    </ClInclude>
    <ClInclude Include="external\include\imstb_rectpack.h">
      <Filter>Header Files</Filter>
    </ClInclude>
    <ClInclude Include="external\include\imstb_textedit.h">
      <Filter>Header Files</Filter>
    </ClInclude>
    <ClInclude Include="external\include\imstb_truetype.h">
      <Filter>Header Files</Filter>
    </ClInclude>
    <ClInclude Include="external\include\meow_hash_x64_aesni.h">
      <Filter>Header Files</Filter>
    </ClInclude>
    <ClInclude Include="external\include\wglext.h">
      <Filter>Header Files</Filter>
    </ClInclude>
    <ClInclude Include="external\include\khr\khrplatform.h">
      <Filter>Header Files</Filter>
    </ClInclude>
    <ClInclude Include="external\include\stb_image\stb_image.h">
      <Filter>Header Files</Filter>
    </ClInclude>
    <ClInclude Include="include\Engine.hpp">
      <Filter>Header Files</Filter>
    </ClInclude>
    <ClInclude Include="include\engine_math.hpp">
      <Filter>Header Files</Filter>
    </ClInclude>
    <ClInclude Include="include\Model.hpp">
      <Filter>Header Files</Filter>
    </ClInclude>
    <ClInclude Include="include\MyMemory.hpp">
      <Filter>Header Files</Filter>
    </ClInclude>
    <ClInclude Include="include\ObjParser.hpp">
      <Filter>Header Files</Filter>
    </ClInclude>
    <ClInclude Include="include\OpenGLGraphics.hpp">
      <Filter>Header Files</Filter>
    </ClInclude>
    <ClInclude Include="include\RedFoxMaths - Copy.hpp">
      <Filter>Header Files</Filter>
    </ClInclude>
    <ClInclude Include="include\RedfoxMaths.hpp">
      <Filter>Header Files</Filter>
    </ClInclude>
    <ClInclude Include="include\Win32Platform.hpp">
      <Filter>Header Files</Filter>
    </ClInclude>
    <ClInclude Include="test\external\include\cglm\affine-mat.h">
      <Filter>Header Files</Filter>
    </ClInclude>
    <ClInclude Include="test\external\include\cglm\affine-post.h">
      <Filter>Header Files</Filter>
    </ClInclude>
    <ClInclude Include="test\external\include\cglm\affine-pre.h">
      <Filter>Header Files</Filter>
    </ClInclude>
    <ClInclude Include="test\external\include\cglm\affine.h">
      <Filter>Header Files</Filter>
    </ClInclude>
    <ClInclude Include="test\external\include\cglm\affine2d.h">
      <Filter>Header Files</Filter>
    </ClInclude>
    <ClInclude Include="test\external\include\cglm\applesimd.h">
      <Filter>Header Files</Filter>
    </ClInclude>
    <ClInclude Include="test\external\include\cglm\bezier.h">
      <Filter>Header Files</Filter>
    </ClInclude>
    <ClInclude Include="test\external\include\cglm\box.h">
      <Filter>Header Files</Filter>
    </ClInclude>
    <ClInclude Include="test\external\include\cglm\call.h">
      <Filter>Header Files</Filter>
    </ClInclude>
    <ClInclude Include="test\external\include\cglm\cam.h">
      <Filter>Header Files</Filter>
    </ClInclude>
    <ClInclude Include="test\external\include\cglm\cglm.h">
      <Filter>Header Files</Filter>
    </ClInclude>
    <ClInclude Include="test\external\include\cglm\color.h">
      <Filter>Header Files</Filter>
    </ClInclude>
    <ClInclude Include="test\external\include\cglm\common.h">
      <Filter>Header Files</Filter>
    </ClInclude>
    <ClInclude Include="test\external\include\cglm\curve.h">
      <Filter>Header Files</Filter>
    </ClInclude>
    <ClInclude Include="test\external\include\cglm\ease.h">
      <Filter>Header Files</Filter>
    </ClInclude>
    <ClInclude Include="test\external\include\cglm\euler.h">
      <Filter>Header Files</Filter>
    </ClInclude>
    <ClInclude Include="test\external\include\cglm\frustum.h">
      <Filter>Header Files</Filter>
    </ClInclude>
    <ClInclude Include="test\external\include\cglm\io.h">
      <Filter>Header Files</Filter>
    </ClInclude>
    <ClInclude Include="test\external\include\cglm\ivec2.h">
      <Filter>Header Files</Filter>
    </ClInclude>
    <ClInclude Include="test\external\include\cglm\ivec3.h">
      <Filter>Header Files</Filter>
    </ClInclude>
    <ClInclude Include="test\external\include\cglm\ivec4.h">
      <Filter>Header Files</Filter>
    </ClInclude>
    <ClInclude Include="test\external\include\cglm\mat2.h">
      <Filter>Header Files</Filter>
    </ClInclude>
    <ClInclude Include="test\external\include\cglm\mat3.h">
      <Filter>Header Files</Filter>
    </ClInclude>
    <ClInclude Include="test\external\include\cglm\mat4.h">
      <Filter>Header Files</Filter>
    </ClInclude>
    <ClInclude Include="test\external\include\cglm\plane.h">
      <Filter>Header Files</Filter>
    </ClInclude>
    <ClInclude Include="test\external\include\cglm\project.h">
      <Filter>Header Files</Filter>
    </ClInclude>
    <ClInclude Include="test\external\include\cglm\quat.h">
      <Filter>Header Files</Filter>
    </ClInclude>
    <ClInclude Include="test\external\include\cglm\ray.h">
      <Filter>Header Files</Filter>
    </ClInclude>
    <ClInclude Include="test\external\include\cglm\sphere.h">
      <Filter>Header Files</Filter>
    </ClInclude>
    <ClInclude Include="test\external\include\cglm\struct.h">
      <Filter>Header Files</Filter>
    </ClInclude>
    <ClInclude Include="test\external\include\cglm\types-struct.h">
      <Filter>Header Files</Filter>
    </ClInclude>
    <ClInclude Include="test\external\include\cglm\types.h">
      <Filter>Header Files</Filter>
    </ClInclude>
    <ClInclude Include="test\external\include\cglm\util.h">
      <Filter>Header Files</Filter>
    </ClInclude>
    <ClInclude Include="test\external\include\cglm\vec2-ext.h">
      <Filter>Header Files</Filter>
    </ClInclude>
    <ClInclude Include="test\external\include\cglm\vec2.h">
      <Filter>Header Files</Filter>
    </ClInclude>
    <ClInclude Include="test\external\include\cglm\vec3-ext.h">
      <Filter>Header Files</Filter>
    </ClInclude>
    <ClInclude Include="test\external\include\cglm\vec3.h">
      <Filter>Header Files</Filter>
    </ClInclude>
    <ClInclude Include="test\external\include\cglm\vec4-ext.h">
      <Filter>Header Files</Filter>
    </ClInclude>
    <ClInclude Include="test\external\include\cglm\vec4.h">
      <Filter>Header Files</Filter>
    </ClInclude>
    <ClInclude Include="test\external\include\cglm\version.h">
      <Filter>Header Files</Filter>
    </ClInclude>
    <ClInclude Include="test\external\include\cglm\call\affine.h">
      <Filter>Header Files</Filter>
    </ClInclude>
    <ClInclude Include="test\external\include\cglm\call\affine2d.h">
      <Filter>Header Files</Filter>
    </ClInclude>
    <ClInclude Include="test\external\include\cglm\call\bezier.h">
      <Filter>Header Files</Filter>
    </ClInclude>
    <ClInclude Include="test\external\include\cglm\call\box.h">
      <Filter>Header Files</Filter>
    </ClInclude>
    <ClInclude Include="test\external\include\cglm\call\cam.h">
      <Filter>Header Files</Filter>
    </ClInclude>
    <ClInclude Include="test\external\include\cglm\call\curve.h">
      <Filter>Header Files</Filter>
    </ClInclude>
    <ClInclude Include="test\external\include\cglm\call\ease.h">
      <Filter>Header Files</Filter>
    </ClInclude>
    <ClInclude Include="test\external\include\cglm\call\euler.h">
      <Filter>Header Files</Filter>
    </ClInclude>
    <ClInclude Include="test\external\include\cglm\call\frustum.h">
      <Filter>Header Files</Filter>
    </ClInclude>
    <ClInclude Include="test\external\include\cglm\call\io.h">
      <Filter>Header Files</Filter>
    </ClInclude>
    <ClInclude Include="test\external\include\cglm\call\ivec2.h">
      <Filter>Header Files</Filter>
    </ClInclude>
    <ClInclude Include="test\external\include\cglm\call\ivec3.h">
      <Filter>Header Files</Filter>
    </ClInclude>
    <ClInclude Include="test\external\include\cglm\call\ivec4.h">
      <Filter>Header Files</Filter>
    </ClInclude>
    <ClInclude Include="test\external\include\cglm\call\mat2.h">
      <Filter>Header Files</Filter>
    </ClInclude>
    <ClInclude Include="test\external\include\cglm\call\mat3.h">
      <Filter>Header Files</Filter>
    </ClInclude>
    <ClInclude Include="test\external\include\cglm\call\mat4.h">
      <Filter>Header Files</Filter>
    </ClInclude>
    <ClInclude Include="test\external\include\cglm\call\plane.h">
      <Filter>Header Files</Filter>
    </ClInclude>
    <ClInclude Include="test\external\include\cglm\call\project.h">
      <Filter>Header Files</Filter>
    </ClInclude>
    <ClInclude Include="test\external\include\cglm\call\quat.h">
      <Filter>Header Files</Filter>
    </ClInclude>
    <ClInclude Include="test\external\include\cglm\call\ray.h">
      <Filter>Header Files</Filter>
    </ClInclude>
    <ClInclude Include="test\external\include\cglm\call\sphere.h">
      <Filter>Header Files</Filter>
    </ClInclude>
    <ClInclude Include="test\external\include\cglm\call\vec2.h">
      <Filter>Header Files</Filter>
    </ClInclude>
    <ClInclude Include="test\external\include\cglm\call\vec3.h">
      <Filter>Header Files</Filter>
    </ClInclude>
    <ClInclude Include="test\external\include\cglm\call\vec4.h">
      <Filter>Header Files</Filter>
    </ClInclude>
    <ClInclude Include="test\external\include\cglm\call\clipspace\ortho_lh_no.h">
      <Filter>Header Files</Filter>
    </ClInclude>
    <ClInclude Include="test\external\include\cglm\call\clipspace\ortho_lh_zo.h">
      <Filter>Header Files</Filter>
    </ClInclude>
    <ClInclude Include="test\external\include\cglm\call\clipspace\ortho_rh_no.h">
      <Filter>Header Files</Filter>
    </ClInclude>
    <ClInclude Include="test\external\include\cglm\call\clipspace\ortho_rh_zo.h">
      <Filter>Header Files</Filter>
    </ClInclude>
    <ClInclude Include="test\external\include\cglm\call\clipspace\persp_lh_no.h">
      <Filter>Header Files</Filter>
    </ClInclude>
    <ClInclude Include="test\external\include\cglm\call\clipspace\persp_lh_zo.h">
      <Filter>Header Files</Filter>
    </ClInclude>
    <ClInclude Include="test\external\include\cglm\call\clipspace\persp_rh_no.h">
      <Filter>Header Files</Filter>
    </ClInclude>
    <ClInclude Include="test\external\include\cglm\call\clipspace\persp_rh_zo.h">
      <Filter>Header Files</Filter>
    </ClInclude>
    <ClInclude Include="test\external\include\cglm\call\clipspace\project_no.h">
      <Filter>Header Files</Filter>
    </ClInclude>
    <ClInclude Include="test\external\include\cglm\call\clipspace\project_zo.h">
      <Filter>Header Files</Filter>
    </ClInclude>
    <ClInclude Include="test\external\include\cglm\call\clipspace\view_lh_no.h">
      <Filter>Header Files</Filter>
    </ClInclude>
    <ClInclude Include="test\external\include\cglm\call\clipspace\view_lh_zo.h">
      <Filter>Header Files</Filter>
    </ClInclude>
    <ClInclude Include="test\external\include\cglm\call\clipspace\view_rh_no.h">
      <Filter>Header Files</Filter>
    </ClInclude>
    <ClInclude Include="test\external\include\cglm\call\clipspace\view_rh_zo.h">
      <Filter>Header Files</Filter>
    </ClInclude>
    <ClInclude Include="test\external\include\cglm\clipspace\ortho_lh_no.h">
      <Filter>Header Files</Filter>
    </ClInclude>
    <ClInclude Include="test\external\include\cglm\clipspace\ortho_lh_zo.h">
      <Filter>Header Files</Filter>
    </ClInclude>
    <ClInclude Include="test\external\include\cglm\clipspace\ortho_rh_no.h">
      <Filter>Header Files</Filter>
    </ClInclude>
    <ClInclude Include="test\external\include\cglm\clipspace\ortho_rh_zo.h">
      <Filter>Header Files</Filter>
    </ClInclude>
    <ClInclude Include="test\external\include\cglm\clipspace\persp.h">
      <Filter>Header Files</Filter>
    </ClInclude>
    <ClInclude Include="test\external\include\cglm\clipspace\persp_lh_no.h">
      <Filter>Header Files</Filter>
    </ClInclude>
    <ClInclude Include="test\external\include\cglm\clipspace\persp_lh_zo.h">
      <Filter>Header Files</Filter>
    </ClInclude>
    <ClInclude Include="test\external\include\cglm\clipspace\persp_rh_no.h">
      <Filter>Header Files</Filter>
    </ClInclude>
    <ClInclude Include="test\external\include\cglm\clipspace\persp_rh_zo.h">
      <Filter>Header Files</Filter>
    </ClInclude>
    <ClInclude Include="test\external\include\cglm\clipspace\project_no.h">
      <Filter>Header Files</Filter>
    </ClInclude>
    <ClInclude Include="test\external\include\cglm\clipspace\project_zo.h">
      <Filter>Header Files</Filter>
    </ClInclude>
    <ClInclude Include="test\external\include\cglm\clipspace\view_lh.h">
      <Filter>Header Files</Filter>
    </ClInclude>
    <ClInclude Include="test\external\include\cglm\clipspace\view_lh_no.h">
      <Filter>Header Files</Filter>
    </ClInclude>
    <ClInclude Include="test\external\include\cglm\clipspace\view_lh_zo.h">
      <Filter>Header Files</Filter>
    </ClInclude>
    <ClInclude Include="test\external\include\cglm\clipspace\view_rh.h">
      <Filter>Header Files</Filter>
    </ClInclude>
    <ClInclude Include="test\external\include\cglm\clipspace\view_rh_no.h">
      <Filter>Header Files</Filter>
    </ClInclude>
    <ClInclude Include="test\external\include\cglm\clipspace\view_rh_zo.h">
      <Filter>Header Files</Filter>
    </ClInclude>
    <ClInclude Include="test\external\include\cglm\simd\arm.h">
      <Filter>Header Files</Filter>
    </ClInclude>
    <ClInclude Include="test\external\include\cglm\simd\intrin.h">
      <Filter>Header Files</Filter>
    </ClInclude>
    <ClInclude Include="test\external\include\cglm\simd\x86.h">
      <Filter>Header Files</Filter>
    </ClInclude>
    <ClInclude Include="test\external\include\cglm\simd\avx\affine.h">
      <Filter>Header Files</Filter>
    </ClInclude>
    <ClInclude Include="test\external\include\cglm\simd\avx\mat4.h">
      <Filter>Header Files</Filter>
    </ClInclude>
    <ClInclude Include="test\external\include\cglm\simd\neon\affine.h">
      <Filter>Header Files</Filter>
    </ClInclude>
    <ClInclude Include="test\external\include\cglm\simd\neon\mat2.h">
      <Filter>Header Files</Filter>
    </ClInclude>
    <ClInclude Include="test\external\include\cglm\simd\neon\mat4.h">
      <Filter>Header Files</Filter>
    </ClInclude>
    <ClInclude Include="test\external\include\cglm\simd\neon\quat.h">
      <Filter>Header Files</Filter>
    </ClInclude>
    <ClInclude Include="test\external\include\cglm\simd\sse2\affine.h">
      <Filter>Header Files</Filter>
    </ClInclude>
    <ClInclude Include="test\external\include\cglm\simd\sse2\mat2.h">
      <Filter>Header Files</Filter>
    </ClInclude>
    <ClInclude Include="test\external\include\cglm\simd\sse2\mat3.h">
      <Filter>Header Files</Filter>
    </ClInclude>
    <ClInclude Include="test\external\include\cglm\simd\sse2\mat4.h">
      <Filter>Header Files</Filter>
    </ClInclude>
    <ClInclude Include="test\external\include\cglm\simd\sse2\quat.h">
      <Filter>Header Files</Filter>
    </ClInclude>
    <ClInclude Include="test\external\include\cglm\struct\affine-post.h">
      <Filter>Header Files</Filter>
    </ClInclude>
    <ClInclude Include="test\external\include\cglm\struct\affine-pre.h">
      <Filter>Header Files</Filter>
    </ClInclude>
    <ClInclude Include="test\external\include\cglm\struct\affine.h">
      <Filter>Header Files</Filter>
    </ClInclude>
    <ClInclude Include="test\external\include\cglm\struct\affine2d.h">
      <Filter>Header Files</Filter>
    </ClInclude>
    <ClInclude Include="test\external\include\cglm\struct\box.h">
      <Filter>Header Files</Filter>
    </ClInclude>
    <ClInclude Include="test\external\include\cglm\struct\cam.h">
      <Filter>Header Files</Filter>
    </ClInclude>
    <ClInclude Include="test\external\include\cglm\struct\color.h">
      <Filter>Header Files</Filter>
    </ClInclude>
    <ClInclude Include="test\external\include\cglm\struct\curve.h">
      <Filter>Header Files</Filter>
    </ClInclude>
    <ClInclude Include="test\external\include\cglm\struct\euler.h">
      <Filter>Header Files</Filter>
    </ClInclude>
    <ClInclude Include="test\external\include\cglm\struct\frustum.h">
      <Filter>Header Files</Filter>
    </ClInclude>
    <ClInclude Include="test\external\include\cglm\struct\io.h">
      <Filter>Header Files</Filter>
    </ClInclude>
    <ClInclude Include="test\external\include\cglm\struct\mat2.h">
      <Filter>Header Files</Filter>
    </ClInclude>
    <ClInclude Include="test\external\include\cglm\struct\mat3.h">
      <Filter>Header Files</Filter>
    </ClInclude>
    <ClInclude Include="test\external\include\cglm\struct\mat4.h">
      <Filter>Header Files</Filter>
    </ClInclude>
    <ClInclude Include="test\external\include\cglm\struct\plane.h">
      <Filter>Header Files</Filter>
    </ClInclude>
    <ClInclude Include="test\external\include\cglm\struct\project.h">
      <Filter>Header Files</Filter>
    </ClInclude>
    <ClInclude Include="test\external\include\cglm\struct\quat.h">
      <Filter>Header Files</Filter>
    </ClInclude>
    <ClInclude Include="test\external\include\cglm\struct\sphere.h">
      <Filter>Header Files</Filter>
    </ClInclude>
    <ClInclude Include="test\external\include\cglm\struct\vec2-ext.h">
      <Filter>Header Files</Filter>
    </ClInclude>
    <ClInclude Include="test\external\include\cglm\struct\vec2.h">
      <Filter>Header Files</Filter>
    </ClInclude>
    <ClInclude Include="test\external\include\cglm\struct\vec3-ext.h">
      <Filter>Header Files</Filter>
    </ClInclude>
    <ClInclude Include="test\external\include\cglm\struct\vec3.h">
      <Filter>Header Files</Filter>
    </ClInclude>
    <ClInclude Include="test\external\include\cglm\struct\vec4-ext.h">
      <Filter>Header Files</Filter>
    </ClInclude>
    <ClInclude Include="test\external\include\cglm\struct\vec4.h">
      <Filter>Header Files</Filter>
    </ClInclude>
    <ClInclude Include="test\external\include\cglm\struct\clipspace\ortho_lh_no.h">
      <Filter>Header Files</Filter>
    </ClInclude>
    <ClInclude Include="test\external\include\cglm\struct\clipspace\ortho_lh_zo.h">
      <Filter>Header Files</Filter>
    </ClInclude>
    <ClInclude Include="test\external\include\cglm\struct\clipspace\ortho_rh_no.h">
      <Filter>Header Files</Filter>
    </ClInclude>
    <ClInclude Include="test\external\include\cglm\struct\clipspace\ortho_rh_zo.h">
      <Filter>Header Files</Filter>
    </ClInclude>
    <ClInclude Include="test\external\include\cglm\struct\clipspace\persp_lh_no.h">
      <Filter>Header Files</Filter>
    </ClInclude>
    <ClInclude Include="test\external\include\cglm\struct\clipspace\persp_lh_zo.h">
      <Filter>Header Files</Filter>
    </ClInclude>
    <ClInclude Include="test\external\include\cglm\struct\clipspace\persp_rh_no.h">
      <Filter>Header Files</Filter>
    </ClInclude>
    <ClInclude Include="test\external\include\cglm\struct\clipspace\persp_rh_zo.h">
      <Filter>Header Files</Filter>
    </ClInclude>
    <ClInclude Include="test\external\include\cglm\struct\clipspace\project_no.h">
      <Filter>Header Files</Filter>
    </ClInclude>
    <ClInclude Include="test\external\include\cglm\struct\clipspace\project_zo.h">
      <Filter>Header Files</Filter>
    </ClInclude>
    <ClInclude Include="test\external\include\cglm\struct\clipspace\view_lh_no.h">
      <Filter>Header Files</Filter>
    </ClInclude>
    <ClInclude Include="test\external\include\cglm\struct\clipspace\view_lh_zo.h">
      <Filter>Header Files</Filter>
    </ClInclude>
    <ClInclude Include="test\external\include\cglm\struct\clipspace\view_rh_no.h">
      <Filter>Header Files</Filter>
    </ClInclude>
    <ClInclude Include="test\external\include\cglm\struct\clipspace\view_rh_zo.h">
      <Filter>Header Files</Filter>
    </ClInclude>
    <ClInclude Include="test\include\test.hpp">
      <Filter>Header Files</Filter>
    </ClInclude>
  </ItemGroup>
</Project>