<?xml version="1.0" encoding="utf-8"?>
<Project ToolsVersion="4.0" xmlns="http://schemas.microsoft.com/developer/msbuild/2003">
  <ItemGroup>
    <Filter Include="Source Files">
      <UniqueIdentifier>{4FC737F1-C7A5-4376-A066-2A32D752A2FF}</UniqueIdentifier>
      <Extensions>cpp;c;cc;cxx;def;odl;idl;hpj;bat;asm;asmx</Extensions>
    </Filter>
    <Filter Include="Header Files">
      <UniqueIdentifier>{93995380-89BD-4b04-88EB-625FBE52EBFB}</UniqueIdentifier>
      <Extensions>h;hh;hpp;hxx;hm;inl;inc;xsd</Extensions>
    </Filter>
    <Filter Include="Resource Files">
      <UniqueIdentifier>{67DA6AB6-F800-4c08-8B7A-83BB121AAD01}</UniqueIdentifier>
      <Extensions>rc;ico;cur;bmp;dlg;rc2;rct;bin;rgs;gif;jpg;jpeg;jpe;resx;tiff;tif;png;wav</Extensions>
    </Filter>
    <Filter Include="Resource Files\Shaders">
      <UniqueIdentifier>{a9df4008-93d1-4f91-97a4-0ff093938d33}</UniqueIdentifier>
    </Filter>
    <Filter Include="Header Files\extern">
      <UniqueIdentifier>{54913677-3133-4e51-8a76-a91013d4eb4b}</UniqueIdentifier>
    </Filter>
    <Filter Include="Header Files\extern\Imgui">
      <UniqueIdentifier>{27d80de5-6b7c-4321-b934-c0855ed09d53}</UniqueIdentifier>
    </Filter>
    <Filter Include="Header Files\extern\stb">
      <UniqueIdentifier>{6e59c0de-1a23-4ce0-b2b1-f91159b570aa}</UniqueIdentifier>
    </Filter>
    <Filter Include="Source Files\extern">
      <UniqueIdentifier>{90a67174-c792-43ea-b5fa-d9aab8662d3e}</UniqueIdentifier>
    </Filter>
    <Filter Include="Source Files\extern\Imgui">
      <UniqueIdentifier>{06587ad5-e37c-45c7-bc45-ff4c1e99c25b}</UniqueIdentifier>
    </Filter>
  </ItemGroup>
  <ItemGroup>
    <ClCompile Include="..\src\Engine.cpp">
      <Filter>Source Files</Filter>
    </ClCompile>
    <ClCompile Include="..\src\main.cpp">
      <Filter>Source Files</Filter>
    </ClCompile>
    <ClCompile Include="..\src\OpenGLGraphics.cpp">
      <Filter>Source Files</Filter>
    </ClCompile>
    <ClCompile Include="..\src\GameObject.cpp">
      <Filter>Source Files</Filter>
    </ClCompile>
    <ClCompile Include="..\src\Camera.cpp">
      <Filter>Source Files</Filter>
    </ClCompile>
    <ClCompile Include="..\src\UI.cpp">
      <Filter>Source Files</Filter>
    </ClCompile>
    <ClCompile Include="..\src\Light.cpp">
      <Filter>Source Files</Filter>
    </ClCompile>
    <ClCompile Include="..\src\ObjParser.cpp">
      <Filter>Source Files</Filter>
    </ClCompile>
    <ClCompile Include="..\src\Physics.cpp">
      <Filter>Source Files</Filter>
    </ClCompile>
    <ClCompile Include="..\src\Shaders.cpp">
      <Filter>Source Files</Filter>
    </ClCompile>
    <ClCompile Include="..\src\SceneGraph.cpp">
      <Filter>Source Files</Filter>
    </ClCompile>
    <ClCompile Include="..\src\ResourceManager.cpp">
      <Filter>Source Files</Filter>
    </ClCompile>
    <ClCompile Include="..\external\imgui.cpp">
      <Filter>Source Files\extern\Imgui</Filter>
    </ClCompile>
    <ClCompile Include="..\external\imgui_demo.cpp">
      <Filter>Source Files\extern\Imgui</Filter>
    </ClCompile>
    <ClCompile Include="..\external\imgui_draw.cpp">
      <Filter>Source Files\extern\Imgui</Filter>
    </ClCompile>
    <ClCompile Include="..\external\imgui_impl_opengl3.cpp">
      <Filter>Source Files\extern\Imgui</Filter>
    </ClCompile>
    <ClCompile Include="..\external\imgui_impl_win32.cpp">
      <Filter>Source Files\extern\Imgui</Filter>
    </ClCompile>
    <ClCompile Include="..\external\imgui_tables.cpp">
      <Filter>Source Files\extern\Imgui</Filter>
    </ClCompile>
    <ClCompile Include="..\external\imgui_widgets.cpp">
      <Filter>Source Files\extern\Imgui</Filter>
    </ClCompile>
    <ClCompile Include="..\external\ImGuizmo.cpp">
      <Filter>Source Files\extern\Imgui</Filter>
    </ClCompile>
    <ClCompile Include="..\src\Win32Platform.cpp">
      <Filter>Source Files</Filter>
    </ClCompile>
    <ClCompile Include="..\src\SoundManager.cpp">
      <Filter>Source Files</Filter>
    </ClCompile>
  </ItemGroup>
  <ItemGroup>
    <ClInclude Include="..\include\Engine.hpp">
      <Filter>Header Files</Filter>
    </ClInclude>
    <ClInclude Include="..\include\Model.hpp">
      <Filter>Header Files</Filter>
    </ClInclude>
    <ClInclude Include="..\include\OpenGLGraphics.hpp">
      <Filter>Header Files</Filter>
    </ClInclude>
    <ClInclude Include="..\include\OpenGLFunctions.hpp">
      <Filter>Header Files</Filter>
    </ClInclude>
    <ClInclude Include="..\include\Camera.hpp">
      <Filter>Header Files</Filter>
    </ClInclude>
    <ClInclude Include="..\include\Light.hpp">
      <Filter>Header Files</Filter>
    </ClInclude>
    <ClInclude Include="..\include\MyMemory.hpp">
      <Filter>Header Files</Filter>
    </ClInclude>
    <ClInclude Include="..\include\ObjParser.hpp">
      <Filter>Header Files</Filter>
    </ClInclude>
    <ClInclude Include="..\include\RedFoxMaths\RedfoxMaths.hpp">
      <Filter>Header Files</Filter>
    </ClInclude>
    <ClInclude Include="..\include\Scene.hpp">
      <Filter>Header Files</Filter>
    </ClInclude>
    <ClInclude Include="..\external\include\imconfig.h">
      <Filter>Header Files\extern\Imgui</Filter>
    </ClInclude>
    <ClInclude Include="..\external\include\imgui.h">
      <Filter>Header Files\extern\Imgui</Filter>
    </ClInclude>
    <ClInclude Include="..\external\include\imgui_impl_opengl3.h">
      <Filter>Header Files\extern\Imgui</Filter>
    </ClInclude>
    <ClInclude Include="..\external\include\imgui_internal.h">
      <Filter>Header Files\extern\Imgui</Filter>
    </ClInclude>
    <ClInclude Include="..\external\include\ImGuizmo.h">
      <Filter>Header Files\extern\Imgui</Filter>
    </ClInclude>
    <ClInclude Include="..\external\include\imstb_rectpack.h">
      <Filter>Header Files\extern\stb</Filter>
    </ClInclude>
    <ClInclude Include="..\external\include\imstb_textedit.h">
      <Filter>Header Files\extern\stb</Filter>
    </ClInclude>
    <ClInclude Include="..\external\include\imstb_truetype.h">
      <Filter>Header Files\extern\stb</Filter>
    </ClInclude>
    <ClInclude Include="..\external\include\glcorearb.h">
      <Filter>Header Files\extern</Filter>
    </ClInclude>
    <ClInclude Include="..\external\include\khr\khrplatform.h">
      <Filter>Header Files\extern</Filter>
    </ClInclude>
    <ClInclude Include="..\external\include\wglext.h">
      <Filter>Header Files\extern</Filter>
    </ClInclude>
    <ClInclude Include="..\external\include\stb_image\stb_image.h">
      <Filter>Header Files\extern\stb</Filter>
    </ClInclude>
    <ClInclude Include="..\include\GameUI.hpp">
      <Filter>Header Files</Filter>
    </ClInclude>
    <ClInclude Include="..\include\Win32Platform.hpp">
      <Filter>Header Files</Filter>
    </ClInclude>
    <ClInclude Include="..\include\SoundManager.hpp">
      <Filter>Header Files</Filter>
    </ClInclude>
    <ClInclude Include="..\include\Icons.hpp">
      <Filter>Header Files</Filter>
    </ClInclude>
    <ClInclude Include="..\include\GameObject.hpp">
      <Filter>Header Files</Filter>
    </ClInclude>
    <ClInclude Include="..\include\Mesh.hpp">
      <Filter>Header Files</Filter>
    </ClInclude>
    <ClInclude Include="..\include\Physics.hpp">
      <Filter>Header Files</Filter>
    </ClInclude>
    <ClInclude Include="..\include\GameBehaviour.hpp">
      <Filter>Header Files</Filter>
    </ClInclude>
    <ClInclude Include="..\include\Fonts.hpp">
      <Filter>Header Files</Filter>
    </ClInclude>
    <ClInclude Include="..\include\Transform.hpp">
      <Filter>Header Files</Filter>
    </ClInclude>
    <ClInclude Include="resource1.h">
      <Filter>Header Files</Filter>
    </ClInclude>
  </ItemGroup>
  <ItemGroup>
    <None Include="blinn_phong.frag.glsl">
      <Filter>Resource Files\Shaders</Filter>
    </None>
    <None Include="blinn_phong.vert.glsl">
      <Filter>Resource Files\Shaders</Filter>
    </None>
    <None Include="font.frag">
      <Filter>Resource Files\Shaders</Filter>
    </None>
    <None Include="font.vert">
      <Filter>Resource Files\Shaders</Filter>
    </None>
    <None Include="PostProcess.frag">
      <Filter>Resource Files\Shaders</Filter>
    </None>
    <None Include="ShadowShader.frag">
      <Filter>Resource Files\Shaders</Filter>
    </None>
    <None Include="ShadowShader.vert">
      <Filter>Resource Files\Shaders</Filter>
    </None>
    <None Include="skydome.frag">
      <Filter>Resource Files\Shaders</Filter>
    </None>
    <None Include="skydome.vert">
      <Filter>Resource Files\Shaders</Filter>
    </None>
    <None Include="PostProcess.vert">
      <Filter>Resource Files\Shaders</Filter>
    </None>
  </ItemGroup>
  <ItemGroup>
    <Image Include="logo.ico">
      <Filter>Resource Files</Filter>
    </Image>
  </ItemGroup>
  <ItemGroup>
    <ResourceCompile Include="RedFox Engine.rc">
      <Filter>Resource Files</Filter>
    </ResourceCompile>
  </ItemGroup>
</Project>